PODS:
  - Alamofire (4.6.0)
  - SDWebImage (4.3.0):
    - SDWebImage/Core (= 4.3.0)
  - SDWebImage/Core (4.3.0)
  - Starscream (3.0.4)
  - SwiftyJSON (4.0.0)

DEPENDENCIES:
  - Alamofire (= 4.6.0)
  - SDWebImage
  - Starscream (= 3.0.4)
  - SwiftyJSON

SPEC CHECKSUMS:
  Alamofire: f41a599bd63041760b26d393ec1069d9d7b917f4
  SDWebImage: 6da6c8bca115addc4de8613362e1b15f66333825
  Starscream: f5da93fe6984c77b694366bf7299b7dc63a76f26
  SwiftyJSON: 070dabdcb1beb81b247c65ffa3a79dbbfb3b48aa

PODFILE CHECKSUM: 91312e0cc2b452746c644c34d2cdbb66af4d01a9

COCOAPODS: 1.4.0
