// !$*UTF8*$!
{
	archiveVersion = 1;
	classes = {
	};
	objectVersion = 48;
	objects = {

/* Begin PBXBuildFile section */
		2F60B0BC202B664A002F3955 /* firstPoint.png in Resources */ = {isa = PBXBuildFile; fileRef = 2F60B0B9202B6649002F3955 /* firstPoint.png */; };
		2F60B0BD202B664A002F3955 /* secondPoint.png in Resources */ = {isa = PBXBuildFile; fileRef = 2F60B0BA202B6649002F3955 /* secondPoint.png */; };
		2F60B0BE202B664A002F3955 /* endPoint.png in Resources */ = {isa = PBXBuildFile; fileRef = 2F60B0BB202B664A002F3955 /* endPoint.png */; };
		2F8958BE202A93AA00206C23 /* AppDelegate.swift in Sources */ = {isa = PBXBuildFile; fileRef = 2F8958BD202A93AA00206C23 /* AppDelegate.swift */; };
		2F8958C0202A93AA00206C23 /* ViewController.swift in Sources */ = {isa = PBXBuildFile; fileRef = 2F8958BF202A93AA00206C23 /* ViewController.swift */; };
		2F8958C3202A93AA00206C23 /* Main.storyboard in Resources */ = {isa = PBXBuildFile; fileRef = 2F8958C1202A93AA00206C23 /* Main.storyboard */; };
		2F8958C5202A93AA00206C23 /* Assets.xcassets in Resources */ = {isa = PBXBuildFile; fileRef = 2F8958C4202A93AA00206C23 /* Assets.xcassets */; };
		2F8958C8202A93AA00206C23 /* LaunchScreen.storyboard in Resources */ = {isa = PBXBuildFile; fileRef = 2F8958C6202A93AA00206C23 /* LaunchScreen.storyboard */; };
		2F8958D0202A93D500206C23 /* circle.png in Resources */ = {isa = PBXBuildFile; fileRef = 2F8958CF202A93D500206C23 /* circle.png */; };
		2F8958D2202A93DA00206C23 /* swipeScreen.jpg in Resources */ = {isa = PBXBuildFile; fileRef = 2F8958D1202A93DA00206C23 /* swipeScreen.jpg */; };
/* End PBXBuildFile section */

/* Begin PBXFileReference section */
		2F60B0B9202B6649002F3955 /* firstPoint.png */ = {isa = PBXFileReference; lastKnownFileType = image.png; name = firstPoint.png; path = ../../firstPoint.png; sourceTree = "<group>"; };
		2F60B0BA202B6649002F3955 /* secondPoint.png */ = {isa = PBXFileReference; lastKnownFileType = image.png; name = secondPoint.png; path = ../../secondPoint.png; sourceTree = "<group>"; };
		2F60B0BB202B664A002F3955 /* endPoint.png */ = {isa = PBXFileReference; lastKnownFileType = image.png; name = endPoint.png; path = ../../endPoint.png; sourceTree = "<group>"; };
		2F8958BA202A93AA00206C23 /* Unlock_2.app */ = {isa = PBXFileReference; explicitFileType = wrapper.application; includeInIndex = 0; path = Unlock_2.app; sourceTree = BUILT_PRODUCTS_DIR; };
		2F8958BD202A93AA00206C23 /* AppDelegate.swift */ = {isa = PBXFileReference; lastKnownFileType = sourcecode.swift; path = AppDelegate.swift; sourceTree = "<group>"; };
		2F8958BF202A93AA00206C23 /* ViewController.swift */ = {isa = PBXFileReference; lastKnownFileType = sourcecode.swift; path = ViewController.swift; sourceTree = "<group>"; };
		2F8958C2202A93AA00206C23 /* Base */ = {isa = PBXFileReference; lastKnownFileType = file.storyboard; name = Base; path = Base.lproj/Main.storyboard; sourceTree = "<group>"; };
		2F8958C4202A93AA00206C23 /* Assets.xcassets */ = {isa = PBXFileReference; lastKnownFileType = folder.assetcatalog; path = Assets.xcassets; sourceTree = "<group>"; };
		2F8958C7202A93AA00206C23 /* Base */ = {isa = PBXFileReference; lastKnownFileType = file.storyboard; name = Base; path = Base.lproj/LaunchScreen.storyboard; sourceTree = "<group>"; };
		2F8958C9202A93AA00206C23 /* Info.plist */ = {isa = PBXFileReference; lastKnownFileType = text.plist.xml; path = Info.plist; sourceTree = "<group>"; };
		2F8958CF202A93D500206C23 /* circle.png */ = {isa = PBXFileReference; lastKnownFileType = image.png; name = circle.png; path = ../../circle.png; sourceTree = "<group>"; };
		2F8958D1202A93DA00206C23 /* swipeScreen.jpg */ = {isa = PBXFileReference; lastKnownFileType = image.jpeg; name = swipeScreen.jpg; path = ../../swipeScreen.jpg; sourceTree = "<group>"; };
/* End PBXFileReference section */

/* Begin PBXFrameworksBuildPhase section */
		2F8958B7202A93AA00206C23 /* Frameworks */ = {
			isa = PBXFrameworksBuildPhase;
			buildActionMask = 2147483647;
			files = (
			);
			runOnlyForDeploymentPostprocessing = 0;
		};
/* End PBXFrameworksBuildPhase section */

/* Begin PBXGroup section */
		2F8958B1202A93AA00206C23 = {
			isa = PBXGroup;
			children = (
				2F8958BC202A93AA00206C23 /* Unlock_2 */,
				2F8958BB202A93AA00206C23 /* Products */,
				2F8958CF202A93D500206C23 /* circle.png */,
				2F8958D1202A93DA00206C23 /* swipeScreen.jpg */,
				2F60B0BB202B664A002F3955 /* endPoint.png */,
				2F60B0B9202B6649002F3955 /* firstPoint.png */,
				2F60B0BA202B6649002F3955 /* secondPoint.png */,
			);
			sourceTree = "<group>";
		};
		2F8958BB202A93AA00206C23 /* Products */ = {
			isa = PBXGroup;
			children = (
				2F8958BA202A93AA00206C23 /* Unlock_2.app */,
			);
			name = Products;
			sourceTree = "<group>";
		};
		2F8958BC202A93AA00206C23 /* Unlock_2 */ = {
			isa = PBXGroup;
			children = (
				2F8958BD202A93AA00206C23 /* AppDelegate.swift */,
				2F8958BF202A93AA00206C23 /* ViewController.swift */,
				2F8958C1202A93AA00206C23 /* Main.storyboard */,
				2F8958C4202A93AA00206C23 /* Assets.xcassets */,
				2F8958C6202A93AA00206C23 /* LaunchScreen.storyboard */,
				2F8958C9202A93AA00206C23 /* Info.plist */,
			);
			path = Unlock_2;
			sourceTree = "<group>";
		};
/* End PBXGroup section */

/* Begin PBXNativeTarget section */
		2F8958B9202A93AA00206C23 /* Unlock_2 */ = {
			isa = PBXNativeTarget;
			buildConfigurationList = 2F8958CC202A93AA00206C23 /* Build configuration list for PBXNativeTarget "Unlock_2" */;
			buildPhases = (
				2F8958B6202A93AA00206C23 /* Sources */,
				2F8958B7202A93AA00206C23 /* Frameworks */,
				2F8958B8202A93AA00206C23 /* Resources */,
			);
			buildRules = (
			);
			dependencies = (
			);
			name = Unlock_2;
			productName = Unlock_2;
			productReference = 2F8958BA202A93AA00206C23 /* Unlock_2.app */;
			productType = "com.apple.product-type.application";
		};
/* End PBXNativeTarget section */

/* Begin PBXProject section */
		2F8958B2202A93AA00206C23 /* Project object */ = {
			isa = PBXProject;
			attributes = {
				LastSwiftUpdateCheck = 0920;
				LastUpgradeCheck = 0920;
				ORGANIZATIONNAME = SeyoungKim;
				TargetAttributes = {
					2F8958B9202A93AA00206C23 = {
						CreatedOnToolsVersion = 9.2;
						ProvisioningStyle = Automatic;
					};
				};
			};
			buildConfigurationList = 2F8958B5202A93AA00206C23 /* Build configuration list for PBXProject "Unlock_2" */;
			compatibilityVersion = "Xcode 8.0";
			developmentRegion = en;
			hasScannedForEncodings = 0;
			knownRegions = (
				en,
				Base,
			);
			mainGroup = 2F8958B1202A93AA00206C23;
			productRefGroup = 2F8958BB202A93AA00206C23 /* Products */;
			projectDirPath = "";
			projectRoot = "";
			targets = (
				2F8958B9202A93AA00206C23 /* Unlock_2 */,
			);
		};
/* End PBXProject section */

/* Begin PBXResourcesBuildPhase section */
		2F8958B8202A93AA00206C23 /* Resources */ = {
			isa = PBXResourcesBuildPhase;
			buildActionMask = 2147483647;
			files = (
				2F60B0BE202B664A002F3955 /* endPoint.png in Resources */,
				2F8958C8202A93AA00206C23 /* LaunchScreen.storyboard in Resources */,
				2F8958C5202A93AA00206C23 /* Assets.xcassets in Resources */,
				2F8958D2202A93DA00206C23 /* swipeScreen.jpg in Resources */,
				2F8958C3202A93AA00206C23 /* Main.storyboard in Resources */,
				2F60B0BD202B664A002F3955 /* secondPoint.png in Resources */,
				2F8958D0202A93D500206C23 /* circle.png in Resources */,
				2F60B0BC202B664A002F3955 /* firstPoint.png in Resources */,
			);
			runOnlyForDeploymentPostprocessing = 0;
		};
/* End PBXResourcesBuildPhase section */

/* Begin PBXSourcesBuildPhase section */
		2F8958B6202A93AA00206C23 /* Sources */ = {
			isa = PBXSourcesBuildPhase;
			buildActionMask = 2147483647;
			files = (
				2F8958C0202A93AA00206C23 /* ViewController.swift in Sources */,
				2F8958BE202A93AA00206C23 /* AppDelegate.swift in Sources */,
			);
			runOnlyForDeploymentPostprocessing = 0;
		};
/* End PBXSourcesBuildPhase section */

/* Begin PBXVariantGroup section */
		2F8958C1202A93AA00206C23 /* Main.storyboard */ = {
			isa = PBXVariantGroup;
			children = (
				2F8958C2202A93AA00206C23 /* Base */,
			);
			name = Main.storyboard;
			sourceTree = "<group>";
		};
		2F8958C6202A93AA00206C23 /* LaunchScreen.storyboard */ = {
			isa = PBXVariantGroup;
			children = (
				2F8958C7202A93AA00206C23 /* Base */,
			);
			name = LaunchScreen.storyboard;
			sourceTree = "<group>";
		};
/* End PBXVariantGroup section */

/* Begin XCBuildConfiguration section */
		2F8958CA202A93AA00206C23 /* Debug */ = {
			isa = XCBuildConfiguration;
			buildSettings = {
				ALWAYS_SEARCH_USER_PATHS = NO;
				CLANG_ANALYZER_NONNULL = YES;
				CLANG_ANALYZER_NUMBER_OBJECT_CONVERSION = YES_AGGRESSIVE;
				CLANG_CXX_LANGUAGE_STANDARD = "gnu++14";
				CLANG_CXX_LIBRARY = "libc++";
				CLANG_ENABLE_MODULES = YES;
				CLANG_ENABLE_OBJC_ARC = YES;
				CLANG_WARN_BLOCK_CAPTURE_AUTORELEASING = YES;
				CLANG_WARN_BOOL_CONVERSION = YES;
				CLANG_WARN_COMMA = YES;
				CLANG_WARN_CONSTANT_CONVERSION = YES;
				CLANG_WARN_DIRECT_OBJC_ISA_USAGE = YES_ERROR;
				CLANG_WARN_DOCUMENTATION_COMMENTS = YES;
				CLANG_WARN_EMPTY_BODY = YES;
				CLANG_WARN_ENUM_CONVERSION = YES;
				CLANG_WARN_INFINITE_RECURSION = YES;
				CLANG_WARN_INT_CONVERSION = YES;
				CLANG_WARN_NON_LITERAL_NULL_CONVERSION = YES;
				CLANG_WARN_OBJC_LITERAL_CONVERSION = YES;
				CLANG_WARN_OBJC_ROOT_CLASS = YES_ERROR;
				CLANG_WARN_RANGE_LOOP_ANALYSIS = YES;
				CLANG_WARN_STRICT_PROTOTYPES = YES;
				CLANG_WARN_SUSPICIOUS_MOVE = YES;
				CLANG_WARN_UNGUARDED_AVAILABILITY = YES_AGGRESSIVE;
				CLANG_WARN_UNREACHABLE_CODE = YES;
				CLANG_WARN__DUPLICATE_METHOD_MATCH = YES;
				CODE_SIGN_IDENTITY = "iPhone Developer";
				COPY_PHASE_STRIP = NO;
				DEBUG_INFORMATION_FORMAT = dwarf;
				ENABLE_STRICT_OBJC_MSGSEND = YES;
				ENABLE_TESTABILITY = YES;
				GCC_C_LANGUAGE_STANDARD = gnu11;
				GCC_DYNAMIC_NO_PIC = NO;
				GCC_NO_COMMON_BLOCKS = YES;
				GCC_OPTIMIZATION_LEVEL = 0;
				GCC_PREPROCESSOR_DEFINITIONS = (
					"DEBUG=1",
					"$(inherited)",
				);
				GCC_WARN_64_TO_32_BIT_CONVERSION = YES;
				GCC_WARN_ABOUT_RETURN_TYPE = YES_ERROR;
				GCC_WARN_UNDECLARED_SELECTOR = YES;
				GCC_WARN_UNINITIALIZED_AUTOS = YES_AGGRESSIVE;
				GCC_WARN_UNUSED_FUNCTION = YES;
				GCC_WARN_UNUSED_VARIABLE = YES;
				IPHONEOS_DEPLOYMENT_TARGET = 11.2;
				MTL_ENABLE_DEBUG_INFO = YES;
				ONLY_ACTIVE_ARCH = YES;
				SDKROOT = iphoneos;
				SWIFT_ACTIVE_COMPILATION_CONDITIONS = DEBUG;
				SWIFT_OPTIMIZATION_LEVEL = "-Onone";
			};
			name = Debug;
		};
		2F8958CB202A93AA00206C23 /* Release */ = {
			isa = XCBuildConfiguration;
			buildSettings = {
				ALWAYS_SEARCH_USER_PATHS = NO;
				CLANG_ANALYZER_NONNULL = YES;
				CLANG_ANALYZER_NUMBER_OBJECT_CONVERSION = YES_AGGRESSIVE;
				CLANG_CXX_LANGUAGE_STANDARD = "gnu++14";
				CLANG_CXX_LIBRARY = "libc++";
				CLANG_ENABLE_MODULES = YES;
				CLANG_ENABLE_OBJC_ARC = YES;
				CLANG_WARN_BLOCK_CAPTURE_AUTORELEASING = YES;
				CLANG_WARN_BOOL_CONVERSION = YES;
				CLANG_WARN_COMMA = YES;
				CLANG_WARN_CONSTANT_CONVERSION = YES;
				CLANG_WARN_DIRECT_OBJC_ISA_USAGE = YES_ERROR;
				CLANG_WARN_DOCUMENTATION_COMMENTS = YES;
				CLANG_WARN_EMPTY_BODY = YES;
				CLANG_WARN_ENUM_CONVERSION = YES;
				CLANG_WARN_INFINITE_RECURSION = YES;
				CLANG_WARN_INT_CONVERSION = YES;
				CLANG_WARN_NON_LITERAL_NULL_CONVERSION = YES;
				CLANG_WARN_OBJC_LITERAL_CONVERSION = YES;
				CLANG_WARN_OBJC_ROOT_CLASS = YES_ERROR;
				CLANG_WARN_RANGE_LOOP_ANALYSIS = YES;
				CLANG_WARN_STRICT_PROTOTYPES = YES;
				CLANG_WARN_SUSPICIOUS_MOVE = YES;
				CLANG_WARN_UNGUARDED_AVAILABILITY = YES_AGGRESSIVE;
				CLANG_WARN_UNREACHABLE_CODE = YES;
				CLANG_WARN__DUPLICATE_METHOD_MATCH = YES;
				CODE_SIGN_IDENTITY = "iPhone Developer";
				COPY_PHASE_STRIP = NO;
				DEBUG_INFORMATION_FORMAT = "dwarf-with-dsym";
				ENABLE_NS_ASSERTIONS = NO;
				ENABLE_STRICT_OBJC_MSGSEND = YES;
				GCC_C_LANGUAGE_STANDARD = gnu11;
				GCC_NO_COMMON_BLOCKS = YES;
				GCC_WARN_64_TO_32_BIT_CONVERSION = YES;
				GCC_WARN_ABOUT_RETURN_TYPE = YES_ERROR;
				GCC_WARN_UNDECLARED_SELECTOR = YES;
				GCC_WARN_UNINITIALIZED_AUTOS = YES_AGGRESSIVE;
				GCC_WARN_UNUSED_FUNCTION = YES;
				GCC_WARN_UNUSED_VARIABLE = YES;
				IPHONEOS_DEPLOYMENT_TARGET = 11.2;
				MTL_ENABLE_DEBUG_INFO = NO;
				SDKROOT = iphoneos;
				SWIFT_OPTIMIZATION_LEVEL = "-Owholemodule";
				VALIDATE_PRODUCT = YES;
			};
			name = Release;
		};
		2F8958CD202A93AA00206C23 /* Debug */ = {
			isa = XCBuildConfiguration;
			buildSettings = {
				ASSETCATALOG_COMPILER_APPICON_NAME = AppIcon;
				CODE_SIGN_STYLE = Automatic;
				DEVELOPMENT_TEAM = 7JK724Y366;
				INFOPLIST_FILE = Unlock_2/Info.plist;
				LD_RUNPATH_SEARCH_PATHS = "$(inherited) @executable_path/Frameworks";
				PRODUCT_BUNDLE_IDENTIFIER = "com.SeyoungKim.Unlock-2";
				PRODUCT_NAME = "$(TARGET_NAME)";
				SWIFT_VERSION = 4.0;
				TARGETED_DEVICE_FAMILY = "1,2";
			};
			name = Debug;
		};
		2F8958CE202A93AA00206C23 /* Release */ = {
			isa = XCBuildConfiguration;
			buildSettings = {
				ASSETCATALOG_COMPILER_APPICON_NAME = AppIcon;
				CODE_SIGN_STYLE = Automatic;
				DEVELOPMENT_TEAM = 7JK724Y366;
				INFOPLIST_FILE = Unlock_2/Info.plist;
				LD_RUNPATH_SEARCH_PATHS = "$(inherited) @executable_path/Frameworks";
				PRODUCT_BUNDLE_IDENTIFIER = "com.SeyoungKim.Unlock-2";
				PRODUCT_NAME = "$(TARGET_NAME)";
				SWIFT_VERSION = 4.0;
				TARGETED_DEVICE_FAMILY = "1,2";
			};
			name = Release;
		};
/* End XCBuildConfiguration section */

/* Begin XCConfigurationList section */
		2F8958B5202A93AA00206C23 /* Build configuration list for PBXProject "Unlock_2" */ = {
			isa = XCConfigurationList;
			buildConfigurations = (
				2F8958CA202A93AA00206C23 /* Debug */,
				2F8958CB202A93AA00206C23 /* Release */,
			);
			defaultConfigurationIsVisible = 0;
			defaultConfigurationName = Release;
		};
		2F8958CC202A93AA00206C23 /* Build configuration list for PBXNativeTarget "Unlock_2" */ = {
			isa = XCConfigurationList;
			buildConfigurations = (
				2F8958CD202A93AA00206C23 /* Debug */,
				2F8958CE202A93AA00206C23 /* Release */,
			);
			defaultConfigurationIsVisible = 0;
			defaultConfigurationName = Release;
		};
/* End XCConfigurationList section */
	};
	rootObject = 2F8958B2202A93AA00206C23 /* Project object */;
}
